<Solution>
  <Project Path="src/LightroomIsSlow.Core/LightroomIsSlow.Core.csproj" />
  <Project Path="src/LightroomIsSlow.Windows/LightroomIsSlow.Windows.csproj" />
  <Project Path="src/LightroomIsSlow.Cli/LightroomIsSlow.Cli.csproj" />
  <Project Path="tests/LightroomIsSlow.Core.Tests/LightroomIsSlow.Core.Tests.csproj" />
</Solution>
